
Microsoft Visual Studio Solution File, Format Version 12.00
# Visual Studio Version 17
VisualStudioVersion = 17.9.34622.214
MinimumVisualStudioVersion = 10.0.40219.1
Project("{9A19103F-16F7-4668-BE54-9A1E7A4F7556}") = "SERVICES_HELPER", "SERVICES_HELPER\SERVICES_HELPER.csproj", "{22664644-A002-4009-B92B-0EB202581C81}"
EndProject
Project("{54435603-DBB4-11D2-8724-00A0C9A8B90C}") = "ServicesHelperInstaller", "ServicesHelperInstaller\ServicesHelperInstaller.vdproj", "{44B31936-29C6-4C4E-A8EB-C9E0F7C78B48}"
EndProject
Global
	GlobalSection(SolutionConfigurationPlatforms) = preSolution
		Debug|Any CPU = Debug|Any CPU
		Release|Any CPU = Release|Any CPU
	EndGlobalSection
	GlobalSection(ProjectConfigurationPlatforms) = postSolution
		{22664644-A002-4009-B92B-0EB202581C81}.Debug|Any CPU.ActiveCfg = Debug|Any CPU
		{22664644-A002-4009-B92B-0EB202581C81}.Debug|Any CPU.Build.0 = Debug|Any CPU
		{22664644-A002-4009-B92B-0EB202581C81}.Release|Any CPU.ActiveCfg = Release|Any CPU
		{22664644-A002-4009-B92B-0EB202581C81}.Release|Any CPU.Build.0 = Release|Any CPU
		{44B31936-29C6-4C4E-A8EB-C9E0F7C78B48}.Debug|Any CPU.ActiveCfg = Debug
		{44B31936-29C6-4C4E-A8EB-C9E0F7C78B48}.Release|Any CPU.ActiveCfg = Release
	EndGlobalSection
	GlobalSection(SolutionProperties) = preSolution
		HideSolutionNode = FALSE
	EndGlobalSection
	GlobalSection(ExtensibilityGlobals) = postSolution
		SolutionGuid = {C2F49510-0C7F-48F3-9AC3-FF88DC729F9F}
	EndGlobalSection
EndGlobal
